{
  "version": 4,
  "terraform_version": "1.9.8",
  "serial": 4,
  "lineage": "6d9b635e-1546-d3b7-d4c4-3cdb8a0395f1",
  "outputs": {},
  "resources": [
    {
      "module": "module.rgs",
      "mode": "managed",
      "type": "azurerm_resource_group",
      "name": "rg",
      "provider": "provider[\"registry.terraform.io/hashicorp/azurerm\"]",
      "instances": [
        {
          "index_key": "rg1",
          "schema_version": 0,
          "attributes": {
            "id": "/subscriptions/c7dfd3e3-4f1b-468f-9a0a-f5745da0b678/resourceGroups/rg-devops-prod",
            "location": "westeurope",
            "managed_by": "",
            "name": "rg-devops-prod",
            "tags": null,
            "timeouts": null
          },
          "sensitive_attributes": [],
          "private": "eyJlMmJmYjczMC1lY2FhLTExZTYtOGY4OC0zNDM2M2JjN2M0YzAiOnsiY3JlYXRlIjo1NDAwMDAwMDAwMDAwLCJkZWxldGUiOjU0MDAwMDAwMDAwMDAsInJlYWQiOjMwMDAwMDAwMDAwMCwidXBkYXRlIjo1NDAwMDAwMDAwMDAwfX0="
        },
        {
          "index_key": "rg2",
          "schema_version": 0,
          "attributes": {
            "id": "/subscriptions/c7dfd3e3-4f1b-468f-9a0a-f5745da0b678/resourceGroups/rg-devops-ka-prod",
            "location": "westeurope",
            "managed_by": "",
            "name": "rg-devops-ka-prod",
            "tags": null,
            "timeouts": null
          },
          "sensitive_attributes": [],
          "private": "eyJlMmJmYjczMC1lY2FhLTExZTYtOGY4OC0zNDM2M2JjN2M0YzAiOnsiY3JlYXRlIjo1NDAwMDAwMDAwMDAwLCJkZWxldGUiOjU0MDAwMDAwMDAwMDAsInJlYWQiOjMwMDAwMDAwMDAwMCwidXBkYXRlIjo1NDAwMDAwMDAwMDAwfX0="
        },
        {
          "index_key": "rg3",
          "schema_version": 0,
          "attributes": {
            "id": "/subscriptions/c7dfd3e3-4f1b-468f-9a0a-f5745da0b678/resourceGroups/rg-dev-ka-prod",
            "location": "westeurope",
            "managed_by": "",
            "name": "rg-dev-ka-prod",
            "tags": null,
            "timeouts": null
          },
          "sensitive_attributes": [],
          "private": "eyJlMmJmYjczMC1lY2FhLTExZTYtOGY4OC0zNDM2M2JjN2M0YzAiOnsiY3JlYXRlIjo1NDAwMDAwMDAwMDAwLCJkZWxldGUiOjU0MDAwMDAwMDAwMDAsInJlYWQiOjMwMDAwMDAwMDAwMCwidXBkYXRlIjo1NDAwMDAwMDAwMDAwfX0="
        }
      ]
    }
  ],
  "check_results": null
}
